
Microsoft Visual Studio Solution File, Format Version 12.00
# Visual Studio Version 16
VisualStudioVersion = 17.0.31611.283
MinimumVisualStudioVersion = 10.0.40219.1
Project("{FAE04EC0-301F-11D3-BF4B-00C04F79EFBC}") = "BlazorApp", "BlazorApp\BlazorApp.csproj", "{2C11C0FC-56F6-4991-9C70-EC23D67AE770}"
EndProject
Project("{FAE04EC0-301F-11D3-BF4B-00C04F79EFBC}") = "BlazorSite", "BlazorSite\BlazorSite.csproj", "{A1959A0E-31CB-4B25-9ED7-05D81BAFFCC2}"
EndProject
Project("{FAE04EC0-301F-11D3-BF4B-00C04F79EFBC}") = "PromiseLib", "PromiseLib\PromiseLib.csproj", "{37C02E97-9D9B-4193-8C41-24E3775C0FBC}"
EndProject
Global
	GlobalSection(SolutionConfigurationPlatforms) = preSolution
		Debug|Any CPU = Debug|Any CPU
		Release|Any CPU = Release|Any CPU
	EndGlobalSection
	GlobalSection(ProjectConfigurationPlatforms) = postSolution
		{2C11C0FC-56F6-4991-9C70-EC23D67AE770}.Debug|Any CPU.ActiveCfg = Debug|Any CPU
		{2C11C0FC-56F6-4991-9C70-EC23D67AE770}.Debug|Any CPU.Build.0 = Debug|Any CPU
		{2C11C0FC-56F6-4991-9C70-EC23D67AE770}.Release|Any CPU.ActiveCfg = Release|Any CPU
		{2C11C0FC-56F6-4991-9C70-EC23D67AE770}.Release|Any CPU.Build.0 = Release|Any CPU
		{A1959A0E-31CB-4B25-9ED7-05D81BAFFCC2}.Debug|Any CPU.ActiveCfg = Debug|Any CPU
		{A1959A0E-31CB-4B25-9ED7-05D81BAFFCC2}.Debug|Any CPU.Build.0 = Debug|Any CPU
		{A1959A0E-31CB-4B25-9ED7-05D81BAFFCC2}.Release|Any CPU.ActiveCfg = Release|Any CPU
		{A1959A0E-31CB-4B25-9ED7-05D81BAFFCC2}.Release|Any CPU.Build.0 = Release|Any CPU
		{37C02E97-9D9B-4193-8C41-24E3775C0FBC}.Debug|Any CPU.ActiveCfg = Debug|Any CPU
		{37C02E97-9D9B-4193-8C41-24E3775C0FBC}.Debug|Any CPU.Build.0 = Debug|Any CPU
		{37C02E97-9D9B-4193-8C41-24E3775C0FBC}.Release|Any CPU.ActiveCfg = Release|Any CPU
		{37C02E97-9D9B-4193-8C41-24E3775C0FBC}.Release|Any CPU.Build.0 = Release|Any CPU
	EndGlobalSection
	GlobalSection(SolutionProperties) = preSolution
		HideSolutionNode = FALSE
	EndGlobalSection
	GlobalSection(ExtensibilityGlobals) = postSolution
		SolutionGuid = {61F7FB11-1E47-470C-91E2-47F8143E1572}
	EndGlobalSection
EndGlobal
